
Microsoft Visual Studio Solution File, Format Version 12.00
# Visual Studio Version 16
VisualStudioVersion = 16.0.29926.136
MinimumVisualStudioVersion = 10.0.40219.1
Project("{FAE04EC0-301F-11D3-BF4B-00C04F79EFBC}") = "VoiceAssistance", "VoiceAssistance\VoiceAssistance.csproj", "{0A585F62-993A-4684-AB40-6B9B2F0EA0C0}"
EndProject
Project("{54435603-DBB4-11D2-8724-00A0C9A8B90C}") = "KSMR Assistance", "KSMR Assistance\KSMR Assistance.vdproj", "{0BFA4545-7D2F-4B0F-838E-44C1D257D59D}"
EndProject
Global
	GlobalSection(SolutionConfigurationPlatforms) = preSolution
		Debug|Any CPU = Debug|Any CPU
		Release|Any CPU = Release|Any CPU
	EndGlobalSection
	GlobalSection(ProjectConfigurationPlatforms) = postSolution
		{0A585F62-993A-4684-AB40-6B9B2F0EA0C0}.Debug|Any CPU.ActiveCfg = Debug|Any CPU
		{0A585F62-993A-4684-AB40-6B9B2F0EA0C0}.Debug|Any CPU.Build.0 = Debug|Any CPU
		{0A585F62-993A-4684-AB40-6B9B2F0EA0C0}.Release|Any CPU.ActiveCfg = Release|Any CPU
		{0A585F62-993A-4684-AB40-6B9B2F0EA0C0}.Release|Any CPU.Build.0 = Release|Any CPU
		{0BFA4545-7D2F-4B0F-838E-44C1D257D59D}.Debug|Any CPU.ActiveCfg = Debug
		{0BFA4545-7D2F-4B0F-838E-44C1D257D59D}.Release|Any CPU.ActiveCfg = Release
	EndGlobalSection
	GlobalSection(SolutionProperties) = preSolution
		HideSolutionNode = FALSE
	EndGlobalSection
	GlobalSection(ExtensibilityGlobals) = postSolution
		SolutionGuid = {1A779150-D9E5-4A86-9A70-AC6E50C95102}
	EndGlobalSection
EndGlobal
